
Microsoft Visual Studio Solution File, Format Version 12.00
# Visual Studio 2012
Project("{FAE04EC0-301F-11D3-BF4B-00C04F79EFBC}") = "Arraybracket.Bundling", "src\Arraybracket.Bundling.csproj", "{7003F0B5-F7E3-4EC0-8655-5B605AD79D7B}"
EndProject
Project("{FAE04EC0-301F-11D3-BF4B-00C04F79EFBC}") = "Arraybracket.Bundling.Tests", "tests\Arraybracket.Bundling.Tests.csproj", "{49F96B29-2305-48B0-907F-B294426A1D19}"
EndProject
Project("{2150E333-8FDC-42A3-9474-1A3956D46DE8}") = "Solution Items", "Solution Items", "{73ABDF48-FB6E-4746-93FE-C5CFCDB892B0}"
	ProjectSection(SolutionItems) = preProject
		arraybracket.snk = arraybracket.snk
		bundling.nuspec = bundling.nuspec
		LICENSE.md = LICENSE.md
		README.md = README.md
	EndProjectSection
EndProject
Project("{FAE04EC0-301F-11D3-BF4B-00C04F79EFBC}") = "Arraybracket.Bundling.Sample", "sample\Arraybracket.Bundling.Sample.csproj", "{CA99A5A5-2130-4DC6-A968-E6D465610A51}"
EndProject
Global
	GlobalSection(SolutionConfigurationPlatforms) = preSolution
		Debug|Any CPU = Debug|Any CPU
		Release|Any CPU = Release|Any CPU
	EndGlobalSection
	GlobalSection(ProjectConfigurationPlatforms) = postSolution
		{7003F0B5-F7E3-4EC0-8655-5B605AD79D7B}.Debug|Any CPU.ActiveCfg = Debug|Any CPU
		{7003F0B5-F7E3-4EC0-8655-5B605AD79D7B}.Debug|Any CPU.Build.0 = Debug|Any CPU
		{7003F0B5-F7E3-4EC0-8655-5B605AD79D7B}.Release|Any CPU.ActiveCfg = Release|Any CPU
		{7003F0B5-F7E3-4EC0-8655-5B605AD79D7B}.Release|Any CPU.Build.0 = Release|Any CPU
		{49F96B29-2305-48B0-907F-B294426A1D19}.Debug|Any CPU.ActiveCfg = Debug|Any CPU
		{49F96B29-2305-48B0-907F-B294426A1D19}.Debug|Any CPU.Build.0 = Debug|Any CPU
		{49F96B29-2305-48B0-907F-B294426A1D19}.Release|Any CPU.ActiveCfg = Release|Any CPU
		{CA99A5A5-2130-4DC6-A968-E6D465610A51}.Debug|Any CPU.ActiveCfg = Debug|Any CPU
		{CA99A5A5-2130-4DC6-A968-E6D465610A51}.Debug|Any CPU.Build.0 = Debug|Any CPU
		{CA99A5A5-2130-4DC6-A968-E6D465610A51}.Release|Any CPU.ActiveCfg = Release|Any CPU
		{CA99A5A5-2130-4DC6-A968-E6D465610A51}.Release|Any CPU.Build.0 = Release|Any CPU
	EndGlobalSection
	GlobalSection(SolutionProperties) = preSolution
		HideSolutionNode = FALSE
	EndGlobalSection
EndGlobal
